{
  "name": "fraims-mvc-framework",
  "version": "0.0.1",
  "lockfileVersion": 2,
  "requires": true,
  "packages": {
    "": {
      "name": "fraims-mvc-framework",
      "version": "0.0.1",
      "license": "MIT",
      "dependencies": {
        "pubsub-js": "^1.9.4"
      },
      "devDependencies": {
        "@types/pubsub-js": "^1.8.3",
        "typescript": "^4.8.4"
      }
    },
    "node_modules/@types/pubsub-js": {
      "version": "1.8.3",
      "resolved": "https://registry.npmjs.org/@types/pubsub-js/-/pubsub-js-1.8.3.tgz",
      "integrity": "sha512-6BqY04dh2UV1dNV690tyJVJYQ0U6qBH4tU+FCwY1Mhl8jOPOP9qiIvgLnB59cVik/E6/R002oXZpGiDm+2C8eA==",
      "dev": true
    },
    "node_modules/pubsub-js": {
      "version": "1.9.4",
      "resolved": "https://registry.npmjs.org/pubsub-js/-/pubsub-js-1.9.4.tgz",
      "integrity": "sha512-hJYpaDvPH4w8ZX/0Fdf9ma1AwRgU353GfbaVfPjfJQf1KxZ2iHaHl3fAUw1qlJIR5dr4F3RzjGaWohYUEyoh7A=="
    },
    "node_modules/typescript": {
      "version": "4.8.4",
      "resolved": "https://registry.npmjs.org/typescript/-/typescript-4.8.4.tgz",
      "integrity": "sha512-QCh+85mCy+h0IGff8r5XWzOVSbBO+KfeYrMQh7NJ58QujwcE22u+NUSmUxqF+un70P9GXKxa2HCNiTTMJknyjQ==",
      "dev": true,
      "bin": {
        "tsc": "bin/tsc",
        "tsserver": "bin/tsserver"
      },
      "engines": {
        "node": ">=4.2.0"
      }
    }
  },
  "dependencies": {
    "@types/pubsub-js": {
      "version": "1.8.3",
      "resolved": "https://registry.npmjs.org/@types/pubsub-js/-/pubsub-js-1.8.3.tgz",
      "integrity": "sha512-6BqY04dh2UV1dNV690tyJVJYQ0U6qBH4tU+FCwY1Mhl8jOPOP9qiIvgLnB59cVik/E6/R002oXZpGiDm+2C8eA==",
      "dev": true
    },
    "pubsub-js": {
      "version": "1.9.4",
      "resolved": "https://registry.npmjs.org/pubsub-js/-/pubsub-js-1.9.4.tgz",
      "integrity": "sha512-hJYpaDvPH4w8ZX/0Fdf9ma1AwRgU353GfbaVfPjfJQf1KxZ2iHaHl3fAUw1qlJIR5dr4F3RzjGaWohYUEyoh7A=="
    },
    "typescript": {
      "version": "4.8.4",
      "resolved": "https://registry.npmjs.org/typescript/-/typescript-4.8.4.tgz",
      "integrity": "sha512-QCh+85mCy+h0IGff8r5XWzOVSbBO+KfeYrMQh7NJ58QujwcE22u+NUSmUxqF+un70P9GXKxa2HCNiTTMJknyjQ==",
      "dev": true
    }
  }
}
